// !$*UTF8*$!
{
	archiveVersion = 1;
	classes = {
	};
	objectVersion = 77;
	objects = {

/* Begin PBXBuildFile section */
		151005192D1A515F00FB9BFC /* SDWebImage in Frameworks */ = {isa = PBXBuildFile; productRef = 151005182D1A515F00FB9BFC /* SDWebImage */; };
		1510051B2D1A515F00FB9BFC /* SDWebImageMapKit in Frameworks */ = {isa = PBXBuildFile; productRef = 1510051A2D1A515F00FB9BFC /* SDWebImageMapKit */; };
		151005332D1A68BA00FB9BFC /* FirebaseAnalytics in Frameworks */ = {isa = PBXBuildFile; productRef = 151005322D1A68BA00FB9BFC /* FirebaseAnalytics */; };
		151005352D1A68BA00FB9BFC /* FirebaseAnalyticsOnDeviceConversion in Frameworks */ = {isa = PBXBuildFile; productRef = 151005342D1A68BA00FB9BFC /* FirebaseAnalyticsOnDeviceConversion */; };
		151005372D1A68BA00FB9BFC /* FirebaseAnalyticsWithoutAdIdSupport in Frameworks */ = {isa = PBXBuildFile; productRef = 151005362D1A68BA00FB9BFC /* FirebaseAnalyticsWithoutAdIdSupport */; };
		151005392D1A68BA00FB9BFC /* FirebaseAppCheck in Frameworks */ = {isa = PBXBuildFile; productRef = 151005382D1A68BA00FB9BFC /* FirebaseAppCheck */; };
		1510053B2D1A68BA00FB9BFC /* FirebaseAppDistribution-Beta in Frameworks */ = {isa = PBXBuildFile; productRef = 1510053A2D1A68BA00FB9BFC /* FirebaseAppDistribution-Beta */; };
		1510053D2D1A68BA00FB9BFC /* FirebaseAuth in Frameworks */ = {isa = PBXBuildFile; productRef = 1510053C2D1A68BA00FB9BFC /* FirebaseAuth */; };
		1510053F2D1A68BA00FB9BFC /* FirebaseAuthCombine-Community in Frameworks */ = {isa = PBXBuildFile; productRef = 1510053E2D1A68BA00FB9BFC /* FirebaseAuthCombine-Community */; };
		151005412D1A68BA00FB9BFC /* FirebaseCore in Frameworks */ = {isa = PBXBuildFile; productRef = 151005402D1A68BA00FB9BFC /* FirebaseCore */; };
		151005432D1A68BA00FB9BFC /* FirebaseCrashlytics in Frameworks */ = {isa = PBXBuildFile; productRef = 151005422D1A68BA00FB9BFC /* FirebaseCrashlytics */; };
		151005452D1A68BA00FB9BFC /* FirebaseDatabase in Frameworks */ = {isa = PBXBuildFile; productRef = 151005442D1A68BA00FB9BFC /* FirebaseDatabase */; };
		151005472D1A68BA00FB9BFC /* FirebaseDynamicLinks in Frameworks */ = {isa = PBXBuildFile; productRef = 151005462D1A68BA00FB9BFC /* FirebaseDynamicLinks */; };
		151005492D1A68BA00FB9BFC /* FirebaseFirestore in Frameworks */ = {isa = PBXBuildFile; productRef = 151005482D1A68BA00FB9BFC /* FirebaseFirestore */; };
		1510054B2D1A68BA00FB9BFC /* FirebaseFirestoreCombine-Community in Frameworks */ = {isa = PBXBuildFile; productRef = 1510054A2D1A68BA00FB9BFC /* FirebaseFirestoreCombine-Community */; };
		1510054D2D1A68BA00FB9BFC /* FirebaseFunctions in Frameworks */ = {isa = PBXBuildFile; productRef = 1510054C2D1A68BA00FB9BFC /* FirebaseFunctions */; };
		1510054F2D1A68BA00FB9BFC /* FirebaseFunctionsCombine-Community in Frameworks */ = {isa = PBXBuildFile; productRef = 1510054E2D1A68BA00FB9BFC /* FirebaseFunctionsCombine-Community */; };
		151005512D1A68BA00FB9BFC /* FirebaseInAppMessaging-Beta in Frameworks */ = {isa = PBXBuildFile; productRef = 151005502D1A68BA00FB9BFC /* FirebaseInAppMessaging-Beta */; };
		151005532D1A68BA00FB9BFC /* FirebaseInstallations in Frameworks */ = {isa = PBXBuildFile; productRef = 151005522D1A68BA00FB9BFC /* FirebaseInstallations */; };
		151005552D1A68BA00FB9BFC /* FirebaseMLModelDownloader in Frameworks */ = {isa = PBXBuildFile; productRef = 151005542D1A68BA00FB9BFC /* FirebaseMLModelDownloader */; };
		151005572D1A68BA00FB9BFC /* FirebaseMessaging in Frameworks */ = {isa = PBXBuildFile; productRef = 151005562D1A68BA00FB9BFC /* FirebaseMessaging */; };
		151005592D1A68BA00FB9BFC /* FirebasePerformance in Frameworks */ = {isa = PBXBuildFile; productRef = 151005582D1A68BA00FB9BFC /* FirebasePerformance */; };
		1510055B2D1A68BA00FB9BFC /* FirebaseRemoteConfig in Frameworks */ = {isa = PBXBuildFile; productRef = 1510055A2D1A68BA00FB9BFC /* FirebaseRemoteConfig */; };
		1510055D2D1A68BA00FB9BFC /* FirebaseStorage in Frameworks */ = {isa = PBXBuildFile; productRef = 1510055C2D1A68BA00FB9BFC /* FirebaseStorage */; };
		1510055F2D1A68BA00FB9BFC /* FirebaseStorageCombine-Community in Frameworks */ = {isa = PBXBuildFile; productRef = 1510055E2D1A68BA00FB9BFC /* FirebaseStorageCombine-Community */; };
		151005612D1A68BA00FB9BFC /* FirebaseVertexAI in Frameworks */ = {isa = PBXBuildFile; productRef = 151005602D1A68BA00FB9BFC /* FirebaseVertexAI */; };
		1581C2532D1AA9EA00C81BCD /* SDWebImageSwiftUI in Frameworks */ = {isa = PBXBuildFile; productRef = 1581C2522D1AA9EA00C81BCD /* SDWebImageSwiftUI */; };
/* End PBXBuildFile section */

/* Begin PBXFileReference section */
		157155F52D156AFE005EDFBA /* SwiftUIDemo.app */ = {isa = PBXFileReference; explicitFileType = wrapper.application; includeInIndex = 0; path = SwiftUIDemo.app; sourceTree = BUILT_PRODUCTS_DIR; };
/* End PBXFileReference section */

/* Begin PBXFileSystemSynchronizedRootGroup section */
		157155F72D156AFE005EDFBA /* SwiftUIDemo */ = {
			isa = PBXFileSystemSynchronizedRootGroup;
			path = SwiftUIDemo;
			sourceTree = "<group>";
		};
/* End PBXFileSystemSynchronizedRootGroup section */

/* Begin PBXFrameworksBuildPhase section */
		157155F22D156AFE005EDFBA /* Frameworks */ = {
			isa = PBXFrameworksBuildPhase;
			buildActionMask = 2147483647;
			files = (
				151005592D1A68BA00FB9BFC /* FirebasePerformance in Frameworks */,
				1510053B2D1A68BA00FB9BFC /* FirebaseAppDistribution-Beta in Frameworks */,
				1510054F2D1A68BA00FB9BFC /* FirebaseFunctionsCombine-Community in Frameworks */,
				1581C2532D1AA9EA00C81BCD /* SDWebImageSwiftUI in Frameworks */,
				1510053F2D1A68BA00FB9BFC /* FirebaseAuthCombine-Community in Frameworks */,
				1510051B2D1A515F00FB9BFC /* SDWebImageMapKit in Frameworks */,
				1510055D2D1A68BA00FB9BFC /* FirebaseStorage in Frameworks */,
				1510054B2D1A68BA00FB9BFC /* FirebaseFirestoreCombine-Community in Frameworks */,
				151005372D1A68BA00FB9BFC /* FirebaseAnalyticsWithoutAdIdSupport in Frameworks */,
				151005192D1A515F00FB9BFC /* SDWebImage in Frameworks */,
				151005552D1A68BA00FB9BFC /* FirebaseMLModelDownloader in Frameworks */,
				151005432D1A68BA00FB9BFC /* FirebaseCrashlytics in Frameworks */,
				151005612D1A68BA00FB9BFC /* FirebaseVertexAI in Frameworks */,
				151005572D1A68BA00FB9BFC /* FirebaseMessaging in Frameworks */,
				151005532D1A68BA00FB9BFC /* FirebaseInstallations in Frameworks */,
				151005452D1A68BA00FB9BFC /* FirebaseDatabase in Frameworks */,
				151005332D1A68BA00FB9BFC /* FirebaseAnalytics in Frameworks */,
				151005412D1A68BA00FB9BFC /* FirebaseCore in Frameworks */,
				151005512D1A68BA00FB9BFC /* FirebaseInAppMessaging-Beta in Frameworks */,
				151005392D1A68BA00FB9BFC /* FirebaseAppCheck in Frameworks */,
				1510054D2D1A68BA00FB9BFC /* FirebaseFunctions in Frameworks */,
				1510055B2D1A68BA00FB9BFC /* FirebaseRemoteConfig in Frameworks */,
				151005352D1A68BA00FB9BFC /* FirebaseAnalyticsOnDeviceConversion in Frameworks */,
				1510053D2D1A68BA00FB9BFC /* FirebaseAuth in Frameworks */,
				1510055F2D1A68BA00FB9BFC /* FirebaseStorageCombine-Community in Frameworks */,
				151005472D1A68BA00FB9BFC /* FirebaseDynamicLinks in Frameworks */,
				151005492D1A68BA00FB9BFC /* FirebaseFirestore in Frameworks */,
			);
			runOnlyForDeploymentPostprocessing = 0;
		};
/* End PBXFrameworksBuildPhase section */

/* Begin PBXGroup section */
		157155EC2D156AFE005EDFBA = {
			isa = PBXGroup;
			children = (
				157155F72D156AFE005EDFBA /* SwiftUIDemo */,
				157155F62D156AFE005EDFBA /* Products */,
			);
			sourceTree = "<group>";
		};
		157155F62D156AFE005EDFBA /* Products */ = {
			isa = PBXGroup;
			children = (
				157155F52D156AFE005EDFBA /* SwiftUIDemo.app */,
			);
			name = Products;
			sourceTree = "<group>";
		};
/* End PBXGroup section */

/* Begin PBXNativeTarget section */
		157155F42D156AFE005EDFBA /* SwiftUIDemo */ = {
			isa = PBXNativeTarget;
			buildConfigurationList = 157156032D156B00005EDFBA /* Build configuration list for PBXNativeTarget "SwiftUIDemo" */;
			buildPhases = (
				157155F12D156AFE005EDFBA /* Sources */,
				157155F22D156AFE005EDFBA /* Frameworks */,
				157155F32D156AFE005EDFBA /* Resources */,
			);
			buildRules = (
			);
			dependencies = (
			);
			fileSystemSynchronizedGroups = (
				157155F72D156AFE005EDFBA /* SwiftUIDemo */,
			);
			name = SwiftUIDemo;
			packageProductDependencies = (
				151005182D1A515F00FB9BFC /* SDWebImage */,
				1510051A2D1A515F00FB9BFC /* SDWebImageMapKit */,
				151005322D1A68BA00FB9BFC /* FirebaseAnalytics */,
				151005342D1A68BA00FB9BFC /* FirebaseAnalyticsOnDeviceConversion */,
				151005362D1A68BA00FB9BFC /* FirebaseAnalyticsWithoutAdIdSupport */,
				151005382D1A68BA00FB9BFC /* FirebaseAppCheck */,
				1510053A2D1A68BA00FB9BFC /* FirebaseAppDistribution-Beta */,
				1510053C2D1A68BA00FB9BFC /* FirebaseAuth */,
				1510053E2D1A68BA00FB9BFC /* FirebaseAuthCombine-Community */,
				151005402D1A68BA00FB9BFC /* FirebaseCore */,
				151005422D1A68BA00FB9BFC /* FirebaseCrashlytics */,
				151005442D1A68BA00FB9BFC /* FirebaseDatabase */,
				151005462D1A68BA00FB9BFC /* FirebaseDynamicLinks */,
				151005482D1A68BA00FB9BFC /* FirebaseFirestore */,
				1510054A2D1A68BA00FB9BFC /* FirebaseFirestoreCombine-Community */,
				1510054C2D1A68BA00FB9BFC /* FirebaseFunctions */,
				1510054E2D1A68BA00FB9BFC /* FirebaseFunctionsCombine-Community */,
				151005502D1A68BA00FB9BFC /* FirebaseInAppMessaging-Beta */,
				151005522D1A68BA00FB9BFC /* FirebaseInstallations */,
				151005542D1A68BA00FB9BFC /* FirebaseMLModelDownloader */,
				151005562D1A68BA00FB9BFC /* FirebaseMessaging */,
				151005582D1A68BA00FB9BFC /* FirebasePerformance */,
				1510055A2D1A68BA00FB9BFC /* FirebaseRemoteConfig */,
				1510055C2D1A68BA00FB9BFC /* FirebaseStorage */,
				1510055E2D1A68BA00FB9BFC /* FirebaseStorageCombine-Community */,
				151005602D1A68BA00FB9BFC /* FirebaseVertexAI */,
				1581C2522D1AA9EA00C81BCD /* SDWebImageSwiftUI */,
			);
			productName = SwiftUIDemo;
			productReference = 157155F52D156AFE005EDFBA /* SwiftUIDemo.app */;
			productType = "com.apple.product-type.application";
		};
/* End PBXNativeTarget section */

/* Begin PBXProject section */
		157155ED2D156AFE005EDFBA /* Project object */ = {
			isa = PBXProject;
			attributes = {
				BuildIndependentTargetsInParallel = 1;
				LastSwiftUpdateCheck = 1620;
				LastUpgradeCheck = 1620;
				TargetAttributes = {
					157155F42D156AFE005EDFBA = {
						CreatedOnToolsVersion = 16.2;
					};
				};
			};
			buildConfigurationList = 157155F02D156AFE005EDFBA /* Build configuration list for PBXProject "SwiftUIDemo" */;
			developmentRegion = en;
			hasScannedForEncodings = 0;
			knownRegions = (
				en,
				Base,
			);
			mainGroup = 157155EC2D156AFE005EDFBA;
			minimizedProjectReferenceProxies = 1;
			packageReferences = (
				151005172D1A515F00FB9BFC /* XCRemoteSwiftPackageReference "SDWebImage" */,
				151005312D1A68BA00FB9BFC /* XCRemoteSwiftPackageReference "firebase-ios-sdk" */,
				1581C2512D1AA9EA00C81BCD /* XCRemoteSwiftPackageReference "SDWebImageSwiftUI" */,
			);
			preferredProjectObjectVersion = 77;
			productRefGroup = 157155F62D156AFE005EDFBA /* Products */;
			projectDirPath = "";
			projectRoot = "";
			targets = (
				157155F42D156AFE005EDFBA /* SwiftUIDemo */,
			);
		};
/* End PBXProject section */

/* Begin PBXResourcesBuildPhase section */
		157155F32D156AFE005EDFBA /* Resources */ = {
			isa = PBXResourcesBuildPhase;
			buildActionMask = 2147483647;
			files = (
			);
			runOnlyForDeploymentPostprocessing = 0;
		};
/* End PBXResourcesBuildPhase section */

/* Begin PBXSourcesBuildPhase section */
		157155F12D156AFE005EDFBA /* Sources */ = {
			isa = PBXSourcesBuildPhase;
			buildActionMask = 2147483647;
			files = (
			);
			runOnlyForDeploymentPostprocessing = 0;
		};
/* End PBXSourcesBuildPhase section */

/* Begin XCBuildConfiguration section */
		157156012D156B00005EDFBA /* Debug */ = {
			isa = XCBuildConfiguration;
			buildSettings = {
				ALWAYS_SEARCH_USER_PATHS = NO;
				ASSETCATALOG_COMPILER_GENERATE_SWIFT_ASSET_SYMBOL_EXTENSIONS = YES;
				CLANG_ANALYZER_NONNULL = YES;
				CLANG_ANALYZER_NUMBER_OBJECT_CONVERSION = YES_AGGRESSIVE;
				CLANG_CXX_LANGUAGE_STANDARD = "gnu++20";
				CLANG_ENABLE_MODULES = YES;
				CLANG_ENABLE_OBJC_ARC = YES;
				CLANG_ENABLE_OBJC_WEAK = YES;
				CLANG_WARN_BLOCK_CAPTURE_AUTORELEASING = YES;
				CLANG_WARN_BOOL_CONVERSION = YES;
				CLANG_WARN_COMMA = YES;
				CLANG_WARN_CONSTANT_CONVERSION = YES;
				CLANG_WARN_DEPRECATED_OBJC_IMPLEMENTATIONS = YES;
				CLANG_WARN_DIRECT_OBJC_ISA_USAGE = YES_ERROR;
				CLANG_WARN_DOCUMENTATION_COMMENTS = YES;
				CLANG_WARN_EMPTY_BODY = YES;
				CLANG_WARN_ENUM_CONVERSION = YES;
				CLANG_WARN_INFINITE_RECURSION = YES;
				CLANG_WARN_INT_CONVERSION = YES;
				CLANG_WARN_NON_LITERAL_NULL_CONVERSION = YES;
				CLANG_WARN_OBJC_IMPLICIT_RETAIN_SELF = YES;
				CLANG_WARN_OBJC_LITERAL_CONVERSION = YES;
				CLANG_WARN_OBJC_ROOT_CLASS = YES_ERROR;
				CLANG_WARN_QUOTED_INCLUDE_IN_FRAMEWORK_HEADER = YES;
				CLANG_WARN_RANGE_LOOP_ANALYSIS = YES;
				CLANG_WARN_STRICT_PROTOTYPES = YES;
				CLANG_WARN_SUSPICIOUS_MOVE = YES;
				CLANG_WARN_UNGUARDED_AVAILABILITY = YES_AGGRESSIVE;
				CLANG_WARN_UNREACHABLE_CODE = YES;
				CLANG_WARN__DUPLICATE_METHOD_MATCH = YES;
				COPY_PHASE_STRIP = NO;
				DEBUG_INFORMATION_FORMAT = dwarf;
				ENABLE_STRICT_OBJC_MSGSEND = YES;
				ENABLE_TESTABILITY = YES;
				ENABLE_USER_SCRIPT_SANDBOXING = YES;
				GCC_C_LANGUAGE_STANDARD = gnu17;
				GCC_DYNAMIC_NO_PIC = NO;
				GCC_NO_COMMON_BLOCKS = YES;
				GCC_OPTIMIZATION_LEVEL = 0;
				GCC_PREPROCESSOR_DEFINITIONS = (
					"DEBUG=1",
					"$(inherited)",
				);
				GCC_WARN_64_TO_32_BIT_CONVERSION = YES;
				GCC_WARN_ABOUT_RETURN_TYPE = YES_ERROR;
				GCC_WARN_UNDECLARED_SELECTOR = YES;
				GCC_WARN_UNINITIALIZED_AUTOS = YES_AGGRESSIVE;
				GCC_WARN_UNUSED_FUNCTION = YES;
				GCC_WARN_UNUSED_VARIABLE = YES;
				IPHONEOS_DEPLOYMENT_TARGET = 18.2;
				LOCALIZATION_PREFERS_STRING_CATALOGS = YES;
				MTL_ENABLE_DEBUG_INFO = INCLUDE_SOURCE;
				MTL_FAST_MATH = YES;
				ONLY_ACTIVE_ARCH = YES;
				SDKROOT = iphoneos;
				SWIFT_ACTIVE_COMPILATION_CONDITIONS = "DEBUG $(inherited)";
				SWIFT_OPTIMIZATION_LEVEL = "-Onone";
			};
			name = Debug;
		};
		157156022D156B00005EDFBA /* Release */ = {
			isa = XCBuildConfiguration;
			buildSettings = {
				ALWAYS_SEARCH_USER_PATHS = NO;
				ASSETCATALOG_COMPILER_GENERATE_SWIFT_ASSET_SYMBOL_EXTENSIONS = YES;
				CLANG_ANALYZER_NONNULL = YES;
				CLANG_ANALYZER_NUMBER_OBJECT_CONVERSION = YES_AGGRESSIVE;
				CLANG_CXX_LANGUAGE_STANDARD = "gnu++20";
				CLANG_ENABLE_MODULES = YES;
				CLANG_ENABLE_OBJC_ARC = YES;
				CLANG_ENABLE_OBJC_WEAK = YES;
				CLANG_WARN_BLOCK_CAPTURE_AUTORELEASING = YES;
				CLANG_WARN_BOOL_CONVERSION = YES;
				CLANG_WARN_COMMA = YES;
				CLANG_WARN_CONSTANT_CONVERSION = YES;
				CLANG_WARN_DEPRECATED_OBJC_IMPLEMENTATIONS = YES;
				CLANG_WARN_DIRECT_OBJC_ISA_USAGE = YES_ERROR;
				CLANG_WARN_DOCUMENTATION_COMMENTS = YES;
				CLANG_WARN_EMPTY_BODY = YES;
				CLANG_WARN_ENUM_CONVERSION = YES;
				CLANG_WARN_INFINITE_RECURSION = YES;
				CLANG_WARN_INT_CONVERSION = YES;
				CLANG_WARN_NON_LITERAL_NULL_CONVERSION = YES;
				CLANG_WARN_OBJC_IMPLICIT_RETAIN_SELF = YES;
				CLANG_WARN_OBJC_LITERAL_CONVERSION = YES;
				CLANG_WARN_OBJC_ROOT_CLASS = YES_ERROR;
				CLANG_WARN_QUOTED_INCLUDE_IN_FRAMEWORK_HEADER = YES;
				CLANG_WARN_RANGE_LOOP_ANALYSIS = YES;
				CLANG_WARN_STRICT_PROTOTYPES = YES;
				CLANG_WARN_SUSPICIOUS_MOVE = YES;
				CLANG_WARN_UNGUARDED_AVAILABILITY = YES_AGGRESSIVE;
				CLANG_WARN_UNREACHABLE_CODE = YES;
				CLANG_WARN__DUPLICATE_METHOD_MATCH = YES;
				COPY_PHASE_STRIP = NO;
				DEBUG_INFORMATION_FORMAT = "dwarf-with-dsym";
				ENABLE_NS_ASSERTIONS = NO;
				ENABLE_STRICT_OBJC_MSGSEND = YES;
				ENABLE_USER_SCRIPT_SANDBOXING = YES;
				GCC_C_LANGUAGE_STANDARD = gnu17;
				GCC_NO_COMMON_BLOCKS = YES;
				GCC_WARN_64_TO_32_BIT_CONVERSION = YES;
				GCC_WARN_ABOUT_RETURN_TYPE = YES_ERROR;
				GCC_WARN_UNDECLARED_SELECTOR = YES;
				GCC_WARN_UNINITIALIZED_AUTOS = YES_AGGRESSIVE;
				GCC_WARN_UNUSED_FUNCTION = YES;
				GCC_WARN_UNUSED_VARIABLE = YES;
				IPHONEOS_DEPLOYMENT_TARGET = 18.2;
				LOCALIZATION_PREFERS_STRING_CATALOGS = YES;
				MTL_ENABLE_DEBUG_INFO = NO;
				MTL_FAST_MATH = YES;
				SDKROOT = iphoneos;
				SWIFT_COMPILATION_MODE = wholemodule;
				VALIDATE_PRODUCT = YES;
			};
			name = Release;
		};
		157156042D156B00005EDFBA /* Debug */ = {
			isa = XCBuildConfiguration;
			buildSettings = {
				ASSETCATALOG_COMPILER_APPICON_NAME = AppIcon;
				ASSETCATALOG_COMPILER_GLOBAL_ACCENT_COLOR_NAME = AccentColor;
				CODE_SIGN_STYLE = Automatic;
				CURRENT_PROJECT_VERSION = 1;
				DEVELOPMENT_ASSET_PATHS = "\"SwiftUIDemo/Preview Content\"";
				DEVELOPMENT_TEAM = G5A93Q7SG9;
				ENABLE_PREVIEWS = YES;
				GENERATE_INFOPLIST_FILE = YES;
				INFOPLIST_KEY_UIApplicationSceneManifest_Generation = YES;
				INFOPLIST_KEY_UIApplicationSupportsIndirectInputEvents = YES;
				INFOPLIST_KEY_UILaunchScreen_Generation = YES;
				INFOPLIST_KEY_UISupportedInterfaceOrientations_iPad = "UIInterfaceOrientationPortrait UIInterfaceOrientationPortraitUpsideDown UIInterfaceOrientationLandscapeLeft UIInterfaceOrientationLandscapeRight";
				INFOPLIST_KEY_UISupportedInterfaceOrientations_iPhone = "UIInterfaceOrientationPortrait UIInterfaceOrientationLandscapeLeft UIInterfaceOrientationLandscapeRight";
				LD_RUNPATH_SEARCH_PATHS = (
					"$(inherited)",
					"@executable_path/Frameworks",
				);
				MARKETING_VERSION = 1.0;
				PRODUCT_BUNDLE_IDENTIFIER = co.willyhsu.SwiftUIDemo;
				PRODUCT_NAME = "$(TARGET_NAME)";
				SWIFT_EMIT_LOC_STRINGS = YES;
				SWIFT_VERSION = 5.0;
				TARGETED_DEVICE_FAMILY = "1,2";
			};
			name = Debug;
		};
		157156052D156B00005EDFBA /* Release */ = {
			isa = XCBuildConfiguration;
			buildSettings = {
				ASSETCATALOG_COMPILER_APPICON_NAME = AppIcon;
				ASSETCATALOG_COMPILER_GLOBAL_ACCENT_COLOR_NAME = AccentColor;
				CODE_SIGN_STYLE = Automatic;
				CURRENT_PROJECT_VERSION = 1;
				DEVELOPMENT_ASSET_PATHS = "\"SwiftUIDemo/Preview Content\"";
				DEVELOPMENT_TEAM = G5A93Q7SG9;
				ENABLE_PREVIEWS = YES;
				GENERATE_INFOPLIST_FILE = YES;
				INFOPLIST_KEY_UIApplicationSceneManifest_Generation = YES;
				INFOPLIST_KEY_UIApplicationSupportsIndirectInputEvents = YES;
				INFOPLIST_KEY_UILaunchScreen_Generation = YES;
				INFOPLIST_KEY_UISupportedInterfaceOrientations_iPad = "UIInterfaceOrientationPortrait UIInterfaceOrientationPortraitUpsideDown UIInterfaceOrientationLandscapeLeft UIInterfaceOrientationLandscapeRight";
				INFOPLIST_KEY_UISupportedInterfaceOrientations_iPhone = "UIInterfaceOrientationPortrait UIInterfaceOrientationLandscapeLeft UIInterfaceOrientationLandscapeRight";
				LD_RUNPATH_SEARCH_PATHS = (
					"$(inherited)",
					"@executable_path/Frameworks",
				);
				MARKETING_VERSION = 1.0;
				PRODUCT_BUNDLE_IDENTIFIER = co.willyhsu.SwiftUIDemo;
				PRODUCT_NAME = "$(TARGET_NAME)";
				SWIFT_EMIT_LOC_STRINGS = YES;
				SWIFT_VERSION = 5.0;
				TARGETED_DEVICE_FAMILY = "1,2";
			};
			name = Release;
		};
/* End XCBuildConfiguration section */

/* Begin XCConfigurationList section */
		157155F02D156AFE005EDFBA /* Build configuration list for PBXProject "SwiftUIDemo" */ = {
			isa = XCConfigurationList;
			buildConfigurations = (
				157156012D156B00005EDFBA /* Debug */,
				157156022D156B00005EDFBA /* Release */,
			);
			defaultConfigurationIsVisible = 0;
			defaultConfigurationName = Release;
		};
		157156032D156B00005EDFBA /* Build configuration list for PBXNativeTarget "SwiftUIDemo" */ = {
			isa = XCConfigurationList;
			buildConfigurations = (
				157156042D156B00005EDFBA /* Debug */,
				157156052D156B00005EDFBA /* Release */,
			);
			defaultConfigurationIsVisible = 0;
			defaultConfigurationName = Release;
		};
/* End XCConfigurationList section */

/* Begin XCRemoteSwiftPackageReference section */
		151005172D1A515F00FB9BFC /* XCRemoteSwiftPackageReference "SDWebImage" */ = {
			isa = XCRemoteSwiftPackageReference;
			repositoryURL = "https://github.com/SDWebImage/SDWebImage";
			requirement = {
				kind = upToNextMajorVersion;
				minimumVersion = 5.20.0;
			};
		};
		151005312D1A68BA00FB9BFC /* XCRemoteSwiftPackageReference "firebase-ios-sdk" */ = {
			isa = XCRemoteSwiftPackageReference;
			repositoryURL = "https://github.com/firebase/firebase-ios-sdk";
			requirement = {
				kind = upToNextMajorVersion;
				minimumVersion = 11.6.0;
			};
		};
		1581C2512D1AA9EA00C81BCD /* XCRemoteSwiftPackageReference "SDWebImageSwiftUI" */ = {
			isa = XCRemoteSwiftPackageReference;
			repositoryURL = "https://github.com/SDWebImage/SDWebImageSwiftUI";
			requirement = {
				kind = upToNextMajorVersion;
				minimumVersion = 3.1.3;
			};
		};
/* End XCRemoteSwiftPackageReference section */

/* Begin XCSwiftPackageProductDependency section */
		151005182D1A515F00FB9BFC /* SDWebImage */ = {
			isa = XCSwiftPackageProductDependency;
			package = 151005172D1A515F00FB9BFC /* XCRemoteSwiftPackageReference "SDWebImage" */;
			productName = SDWebImage;
		};
		1510051A2D1A515F00FB9BFC /* SDWebImageMapKit */ = {
			isa = XCSwiftPackageProductDependency;
			package = 151005172D1A515F00FB9BFC /* XCRemoteSwiftPackageReference "SDWebImage" */;
			productName = SDWebImageMapKit;
		};
		151005322D1A68BA00FB9BFC /* FirebaseAnalytics */ = {
			isa = XCSwiftPackageProductDependency;
			package = 151005312D1A68BA00FB9BFC /* XCRemoteSwiftPackageReference "firebase-ios-sdk" */;
			productName = FirebaseAnalytics;
		};
		151005342D1A68BA00FB9BFC /* FirebaseAnalyticsOnDeviceConversion */ = {
			isa = XCSwiftPackageProductDependency;
			package = 151005312D1A68BA00FB9BFC /* XCRemoteSwiftPackageReference "firebase-ios-sdk" */;
			productName = FirebaseAnalyticsOnDeviceConversion;
		};
		151005362D1A68BA00FB9BFC /* FirebaseAnalyticsWithoutAdIdSupport */ = {
			isa = XCSwiftPackageProductDependency;
			package = 151005312D1A68BA00FB9BFC /* XCRemoteSwiftPackageReference "firebase-ios-sdk" */;
			productName = FirebaseAnalyticsWithoutAdIdSupport;
		};
		151005382D1A68BA00FB9BFC /* FirebaseAppCheck */ = {
			isa = XCSwiftPackageProductDependency;
			package = 151005312D1A68BA00FB9BFC /* XCRemoteSwiftPackageReference "firebase-ios-sdk" */;
			productName = FirebaseAppCheck;
		};
		1510053A2D1A68BA00FB9BFC /* FirebaseAppDistribution-Beta */ = {
			isa = XCSwiftPackageProductDependency;
			package = 151005312D1A68BA00FB9BFC /* XCRemoteSwiftPackageReference "firebase-ios-sdk" */;
			productName = "FirebaseAppDistribution-Beta";
		};
		1510053C2D1A68BA00FB9BFC /* FirebaseAuth */ = {
			isa = XCSwiftPackageProductDependency;
			package = 151005312D1A68BA00FB9BFC /* XCRemoteSwiftPackageReference "firebase-ios-sdk" */;
			productName = FirebaseAuth;
		};
		1510053E2D1A68BA00FB9BFC /* FirebaseAuthCombine-Community */ = {
			isa = XCSwiftPackageProductDependency;
			package = 151005312D1A68BA00FB9BFC /* XCRemoteSwiftPackageReference "firebase-ios-sdk" */;
			productName = "FirebaseAuthCombine-Community";
		};
		151005402D1A68BA00FB9BFC /* FirebaseCore */ = {
			isa = XCSwiftPackageProductDependency;
			package = 151005312D1A68BA00FB9BFC /* XCRemoteSwiftPackageReference "firebase-ios-sdk" */;
			productName = FirebaseCore;
		};
		151005422D1A68BA00FB9BFC /* FirebaseCrashlytics */ = {
			isa = XCSwiftPackageProductDependency;
			package = 151005312D1A68BA00FB9BFC /* XCRemoteSwiftPackageReference "firebase-ios-sdk" */;
			productName = FirebaseCrashlytics;
		};
		151005442D1A68BA00FB9BFC /* FirebaseDatabase */ = {
			isa = XCSwiftPackageProductDependency;
			package = 151005312D1A68BA00FB9BFC /* XCRemoteSwiftPackageReference "firebase-ios-sdk" */;
			productName = FirebaseDatabase;
		};
		151005462D1A68BA00FB9BFC /* FirebaseDynamicLinks */ = {
			isa = XCSwiftPackageProductDependency;
			package = 151005312D1A68BA00FB9BFC /* XCRemoteSwiftPackageReference "firebase-ios-sdk" */;
			productName = FirebaseDynamicLinks;
		};
		151005482D1A68BA00FB9BFC /* FirebaseFirestore */ = {
			isa = XCSwiftPackageProductDependency;
			package = 151005312D1A68BA00FB9BFC /* XCRemoteSwiftPackageReference "firebase-ios-sdk" */;
			productName = FirebaseFirestore;
		};
		1510054A2D1A68BA00FB9BFC /* FirebaseFirestoreCombine-Community */ = {
			isa = XCSwiftPackageProductDependency;
			package = 151005312D1A68BA00FB9BFC /* XCRemoteSwiftPackageReference "firebase-ios-sdk" */;
			productName = "FirebaseFirestoreCombine-Community";
		};
		1510054C2D1A68BA00FB9BFC /* FirebaseFunctions */ = {
			isa = XCSwiftPackageProductDependency;
			package = 151005312D1A68BA00FB9BFC /* XCRemoteSwiftPackageReference "firebase-ios-sdk" */;
			productName = FirebaseFunctions;
		};
		1510054E2D1A68BA00FB9BFC /* FirebaseFunctionsCombine-Community */ = {
			isa = XCSwiftPackageProductDependency;
			package = 151005312D1A68BA00FB9BFC /* XCRemoteSwiftPackageReference "firebase-ios-sdk" */;
			productName = "FirebaseFunctionsCombine-Community";
		};
		151005502D1A68BA00FB9BFC /* FirebaseInAppMessaging-Beta */ = {
			isa = XCSwiftPackageProductDependency;
			package = 151005312D1A68BA00FB9BFC /* XCRemoteSwiftPackageReference "firebase-ios-sdk" */;
			productName = "FirebaseInAppMessaging-Beta";
		};
		151005522D1A68BA00FB9BFC /* FirebaseInstallations */ = {
			isa = XCSwiftPackageProductDependency;
			package = 151005312D1A68BA00FB9BFC /* XCRemoteSwiftPackageReference "firebase-ios-sdk" */;
			productName = FirebaseInstallations;
		};
		151005542D1A68BA00FB9BFC /* FirebaseMLModelDownloader */ = {
			isa = XCSwiftPackageProductDependency;
			package = 151005312D1A68BA00FB9BFC /* XCRemoteSwiftPackageReference "firebase-ios-sdk" */;
			productName = FirebaseMLModelDownloader;
		};
		151005562D1A68BA00FB9BFC /* FirebaseMessaging */ = {
			isa = XCSwiftPackageProductDependency;
			package = 151005312D1A68BA00FB9BFC /* XCRemoteSwiftPackageReference "firebase-ios-sdk" */;
			productName = FirebaseMessaging;
		};
		151005582D1A68BA00FB9BFC /* FirebasePerformance */ = {
			isa = XCSwiftPackageProductDependency;
			package = 151005312D1A68BA00FB9BFC /* XCRemoteSwiftPackageReference "firebase-ios-sdk" */;
			productName = FirebasePerformance;
		};
		1510055A2D1A68BA00FB9BFC /* FirebaseRemoteConfig */ = {
			isa = XCSwiftPackageProductDependency;
			package = 151005312D1A68BA00FB9BFC /* XCRemoteSwiftPackageReference "firebase-ios-sdk" */;
			productName = FirebaseRemoteConfig;
		};
		1510055C2D1A68BA00FB9BFC /* FirebaseStorage */ = {
			isa = XCSwiftPackageProductDependency;
			package = 151005312D1A68BA00FB9BFC /* XCRemoteSwiftPackageReference "firebase-ios-sdk" */;
			productName = FirebaseStorage;
		};
		1510055E2D1A68BA00FB9BFC /* FirebaseStorageCombine-Community */ = {
			isa = XCSwiftPackageProductDependency;
			package = 151005312D1A68BA00FB9BFC /* XCRemoteSwiftPackageReference "firebase-ios-sdk" */;
			productName = "FirebaseStorageCombine-Community";
		};
		151005602D1A68BA00FB9BFC /* FirebaseVertexAI */ = {
			isa = XCSwiftPackageProductDependency;
			package = 151005312D1A68BA00FB9BFC /* XCRemoteSwiftPackageReference "firebase-ios-sdk" */;
			productName = FirebaseVertexAI;
		};
		1581C2522D1AA9EA00C81BCD /* SDWebImageSwiftUI */ = {
			isa = XCSwiftPackageProductDependency;
			package = 1581C2512D1AA9EA00C81BCD /* XCRemoteSwiftPackageReference "SDWebImageSwiftUI" */;
			productName = SDWebImageSwiftUI;
		};
/* End XCSwiftPackageProductDependency section */
	};
	rootObject = 157155ED2D156AFE005EDFBA /* Project object */;
}
